
Microsoft Visual Studio Solution File, Format Version 12.00
# Visual Studio Version 16
VisualStudioVersion = 16.0.30011.22
MinimumVisualStudioVersion = 10.0.40219.1
Project("{8BC9CEB8-8B4A-11D0-8D11-00A0C91BC942}") = "ModbusRTUTool", "ModbusRTUTool\ModbusRTUTool.vcxproj", "{60614D3F-9095-41E6-AEC1-62E4761589CA}"
EndProject
Global
	GlobalSection(SolutionConfigurationPlatforms) = preSolution
		Debug|x64 = Debug|x64
		Debug|x86 = Debug|x86
		Release|x64 = Release|x64
		Release|x86 = Release|x86
	EndGlobalSection
	GlobalSection(ProjectConfigurationPlatforms) = postSolution
		{60614D3F-9095-41E6-AEC1-62E4761589CA}.Debug|x64.ActiveCfg = Debug|x64
		{60614D3F-9095-41E6-AEC1-62E4761589CA}.Debug|x64.Build.0 = Debug|x64
		{60614D3F-9095-41E6-AEC1-62E4761589CA}.Debug|x86.ActiveCfg = Debug|Win32
		{60614D3F-9095-41E6-AEC1-62E4761589CA}.Debug|x86.Build.0 = Debug|Win32
		{60614D3F-9095-41E6-AEC1-62E4761589CA}.Release|x64.ActiveCfg = Release|x64
		{60614D3F-9095-41E6-AEC1-62E4761589CA}.Release|x64.Build.0 = Release|x64
		{60614D3F-9095-41E6-AEC1-62E4761589CA}.Release|x86.ActiveCfg = Release|Win32
		{60614D3F-9095-41E6-AEC1-62E4761589CA}.Release|x86.Build.0 = Release|Win32
	EndGlobalSection
	GlobalSection(SolutionProperties) = preSolution
		HideSolutionNode = FALSE
	EndGlobalSection
	GlobalSection(ExtensibilityGlobals) = postSolution
		SolutionGuid = {D7A6E695-C01F-4FB0-B688-32D4655C89CA}
	EndGlobalSection
EndGlobal
